
Microsoft Visual Studio Solution File, Format Version 12.00
# Visual Studio Version 17
VisualStudioVersion = 17.8.34309.116
MinimumVisualStudioVersion = 10.0.40219.1
Project("{9A19103F-16F7-4668-BE54-9A1E7A4F7556}") = "PROJECT", "Ass03\PROJECT.csproj", "{61B4876B-67DA-4432-BB8E-1750D87B9E2C}"
EndProject
Project("{FAE04EC0-301F-11D3-BF4B-00C04F79EFBC}") = "ProjectAPI", "ProjectAPI\ProjectAPI.csproj", "{DFE152D8-46BE-4A88-9C1C-06EA4726EE84}"
EndProject
Global
	GlobalSection(SolutionConfigurationPlatforms) = preSolution
		Debug|Any CPU = Debug|Any CPU
		Release|Any CPU = Release|Any CPU
	EndGlobalSection
	GlobalSection(ProjectConfigurationPlatforms) = postSolution
		{61B4876B-67DA-4432-BB8E-1750D87B9E2C}.Debug|Any CPU.ActiveCfg = Debug|Any CPU
		{61B4876B-67DA-4432-BB8E-1750D87B9E2C}.Debug|Any CPU.Build.0 = Debug|Any CPU
		{61B4876B-67DA-4432-BB8E-1750D87B9E2C}.Release|Any CPU.ActiveCfg = Release|Any CPU
		{61B4876B-67DA-4432-BB8E-1750D87B9E2C}.Release|Any CPU.Build.0 = Release|Any CPU
		{DFE152D8-46BE-4A88-9C1C-06EA4726EE84}.Debug|Any CPU.ActiveCfg = Debug|Any CPU
		{DFE152D8-46BE-4A88-9C1C-06EA4726EE84}.Debug|Any CPU.Build.0 = Debug|Any CPU
		{DFE152D8-46BE-4A88-9C1C-06EA4726EE84}.Release|Any CPU.ActiveCfg = Release|Any CPU
		{DFE152D8-46BE-4A88-9C1C-06EA4726EE84}.Release|Any CPU.Build.0 = Release|Any CPU
	EndGlobalSection
	GlobalSection(SolutionProperties) = preSolution
		HideSolutionNode = FALSE
	EndGlobalSection
	GlobalSection(ExtensibilityGlobals) = postSolution
		SolutionGuid = {7995A707-E1BD-4C34-8FA4-B0DBBB036C2D}
	EndGlobalSection
EndGlobal
